
Microsoft Visual Studio Solution File, Format Version 12.00
# Visual Studio 15
Project("{FAE04EC0-301F-11D3-BF4B-00C04F79EFBC}") = "VuforiaScripts", "VuforiaScripts.csproj", "{8CEB5677-A91A-C8BD-3918-AC399BEEA27F}"
EndProject
Project("{FAE04EC0-301F-11D3-BF4B-00C04F79EFBC}") = "Assembly-CSharp", "Assembly-CSharp.csproj", "{66DBCAA8-BCF2-734F-1790-B33A7BD1A963}"
EndProject
Project("{FAE04EC0-301F-11D3-BF4B-00C04F79EFBC}") = "VuforiaEditorScripts", "VuforiaEditorScripts.csproj", "{30AACE30-F5BB-7205-B117-9F49DF9D28CE}"
EndProject
Global
	GlobalSection(SolutionConfigurationPlatforms) = preSolution
		Debug|Any CPU = Debug|Any CPU
		Release|Any CPU = Release|Any CPU
	EndGlobalSection
	GlobalSection(ProjectConfigurationPlatforms) = postSolution
		{8CEB5677-A91A-C8BD-3918-AC399BEEA27F}.Debug|Any CPU.ActiveCfg = Debug|Any CPU
		{8CEB5677-A91A-C8BD-3918-AC399BEEA27F}.Debug|Any CPU.Build.0 = Debug|Any CPU
		{8CEB5677-A91A-C8BD-3918-AC399BEEA27F}.Release|Any CPU.ActiveCfg = Release|Any CPU
		{8CEB5677-A91A-C8BD-3918-AC399BEEA27F}.Release|Any CPU.Build.0 = Release|Any CPU
		{66DBCAA8-BCF2-734F-1790-B33A7BD1A963}.Debug|Any CPU.ActiveCfg = Debug|Any CPU
		{66DBCAA8-BCF2-734F-1790-B33A7BD1A963}.Debug|Any CPU.Build.0 = Debug|Any CPU
		{66DBCAA8-BCF2-734F-1790-B33A7BD1A963}.Release|Any CPU.ActiveCfg = Release|Any CPU
		{66DBCAA8-BCF2-734F-1790-B33A7BD1A963}.Release|Any CPU.Build.0 = Release|Any CPU
		{30AACE30-F5BB-7205-B117-9F49DF9D28CE}.Debug|Any CPU.ActiveCfg = Debug|Any CPU
		{30AACE30-F5BB-7205-B117-9F49DF9D28CE}.Debug|Any CPU.Build.0 = Debug|Any CPU
		{30AACE30-F5BB-7205-B117-9F49DF9D28CE}.Release|Any CPU.ActiveCfg = Release|Any CPU
		{30AACE30-F5BB-7205-B117-9F49DF9D28CE}.Release|Any CPU.Build.0 = Release|Any CPU
	EndGlobalSection
	GlobalSection(SolutionProperties) = preSolution
		HideSolutionNode = FALSE
	EndGlobalSection
EndGlobal
