
Microsoft Visual Studio Solution File, Format Version 12.00
# Visual Studio 15
Project("{FAE04EC0-301F-11D3-BF4B-00C04F79EFBC}") = "VuforiaScripts", "VuforiaScripts.csproj", "{E4B678BB-4AAE-ED60-F387-7D1ABCBE677C}"
EndProject
Project("{FAE04EC0-301F-11D3-BF4B-00C04F79EFBC}") = "Assembly-CSharp", "Assembly-CSharp.csproj", "{714C4028-CCCA-85E8-E64A-B4637A15A1FD}"
EndProject
Project("{FAE04EC0-301F-11D3-BF4B-00C04F79EFBC}") = "VuforiaEditorScripts", "VuforiaEditorScripts.csproj", "{5B9851A0-2F5A-B602-61E7-845DE26B5D6B}"
EndProject
Global
	GlobalSection(SolutionConfigurationPlatforms) = preSolution
		Debug|Any CPU = Debug|Any CPU
		Release|Any CPU = Release|Any CPU
	EndGlobalSection
	GlobalSection(ProjectConfigurationPlatforms) = postSolution
		{E4B678BB-4AAE-ED60-F387-7D1ABCBE677C}.Debug|Any CPU.ActiveCfg = Debug|Any CPU
		{E4B678BB-4AAE-ED60-F387-7D1ABCBE677C}.Debug|Any CPU.Build.0 = Debug|Any CPU
		{E4B678BB-4AAE-ED60-F387-7D1ABCBE677C}.Release|Any CPU.ActiveCfg = Release|Any CPU
		{E4B678BB-4AAE-ED60-F387-7D1ABCBE677C}.Release|Any CPU.Build.0 = Release|Any CPU
		{714C4028-CCCA-85E8-E64A-B4637A15A1FD}.Debug|Any CPU.ActiveCfg = Debug|Any CPU
		{714C4028-CCCA-85E8-E64A-B4637A15A1FD}.Debug|Any CPU.Build.0 = Debug|Any CPU
		{714C4028-CCCA-85E8-E64A-B4637A15A1FD}.Release|Any CPU.ActiveCfg = Release|Any CPU
		{714C4028-CCCA-85E8-E64A-B4637A15A1FD}.Release|Any CPU.Build.0 = Release|Any CPU
		{5B9851A0-2F5A-B602-61E7-845DE26B5D6B}.Debug|Any CPU.ActiveCfg = Debug|Any CPU
		{5B9851A0-2F5A-B602-61E7-845DE26B5D6B}.Debug|Any CPU.Build.0 = Debug|Any CPU
		{5B9851A0-2F5A-B602-61E7-845DE26B5D6B}.Release|Any CPU.ActiveCfg = Release|Any CPU
		{5B9851A0-2F5A-B602-61E7-845DE26B5D6B}.Release|Any CPU.Build.0 = Release|Any CPU
	EndGlobalSection
	GlobalSection(SolutionProperties) = preSolution
		HideSolutionNode = FALSE
	EndGlobalSection
EndGlobal
