
Microsoft Visual Studio Solution File, Format Version 12.00
# Visual Studio 15
Project("{FAE04EC0-301F-11D3-BF4B-00C04F79EFBC}") = "VuforiaScripts", "VuforiaScripts.csproj", "{ECFEAC44-74BD-A0D8-919D-6CFC57064347}"
EndProject
Project("{FAE04EC0-301F-11D3-BF4B-00C04F79EFBC}") = "Assembly-CSharp", "Assembly-CSharp.csproj", "{45584FF2-9B13-6CC8-7D3A-88622046FD4C}"
EndProject
Project("{FAE04EC0-301F-11D3-BF4B-00C04F79EFBC}") = "VuforiaEditorScripts", "VuforiaEditorScripts.csproj", "{72B0A8B7-6230-B782-00EC-CC7D1AE02C3B}"
EndProject
Global
	GlobalSection(SolutionConfigurationPlatforms) = preSolution
		Debug|Any CPU = Debug|Any CPU
		Release|Any CPU = Release|Any CPU
	EndGlobalSection
	GlobalSection(ProjectConfigurationPlatforms) = postSolution
		{ECFEAC44-74BD-A0D8-919D-6CFC57064347}.Debug|Any CPU.ActiveCfg = Debug|Any CPU
		{ECFEAC44-74BD-A0D8-919D-6CFC57064347}.Debug|Any CPU.Build.0 = Debug|Any CPU
		{ECFEAC44-74BD-A0D8-919D-6CFC57064347}.Release|Any CPU.ActiveCfg = Release|Any CPU
		{ECFEAC44-74BD-A0D8-919D-6CFC57064347}.Release|Any CPU.Build.0 = Release|Any CPU
		{45584FF2-9B13-6CC8-7D3A-88622046FD4C}.Debug|Any CPU.ActiveCfg = Debug|Any CPU
		{45584FF2-9B13-6CC8-7D3A-88622046FD4C}.Debug|Any CPU.Build.0 = Debug|Any CPU
		{45584FF2-9B13-6CC8-7D3A-88622046FD4C}.Release|Any CPU.ActiveCfg = Release|Any CPU
		{45584FF2-9B13-6CC8-7D3A-88622046FD4C}.Release|Any CPU.Build.0 = Release|Any CPU
		{72B0A8B7-6230-B782-00EC-CC7D1AE02C3B}.Debug|Any CPU.ActiveCfg = Debug|Any CPU
		{72B0A8B7-6230-B782-00EC-CC7D1AE02C3B}.Debug|Any CPU.Build.0 = Debug|Any CPU
		{72B0A8B7-6230-B782-00EC-CC7D1AE02C3B}.Release|Any CPU.ActiveCfg = Release|Any CPU
		{72B0A8B7-6230-B782-00EC-CC7D1AE02C3B}.Release|Any CPU.Build.0 = Release|Any CPU
	EndGlobalSection
	GlobalSection(SolutionProperties) = preSolution
		HideSolutionNode = FALSE
	EndGlobalSection
EndGlobal
